// !$*UTF8*$!
{
	archiveVersion = 1;
	classes = {
	};
	objectVersion = 46;
	objects = {

/* Begin PBXBuildFile section */
		740A412E1D50AA9F006F446E /* AppDelegate.swift in Sources */ = {isa = PBXBuildFile; fileRef = 740A412D1D50AA9F006F446E /* AppDelegate.swift */; };
		740A41301D50AA9F006F446E /* ViewController.swift in Sources */ = {isa = PBXBuildFile; fileRef = 740A412F1D50AA9F006F446E /* ViewController.swift */; };
		740A41331D50AA9F006F446E /* Main.storyboard in Resources */ = {isa = PBXBuildFile; fileRef = 740A41311D50AA9F006F446E /* Main.storyboard */; };
		740A41351D50AA9F006F446E /* Assets.xcassets in Resources */ = {isa = PBXBuildFile; fileRef = 740A41341D50AA9F006F446E /* Assets.xcassets */; };
		740A41381D50AA9F006F446E /* LaunchScreen.storyboard in Resources */ = {isa = PBXBuildFile; fileRef = 740A41361D50AA9F006F446E /* LaunchScreen.storyboard */; };
		740A41411D50AC0C006F446E /* SNDrawView.swift in Sources */ = {isa = PBXBuildFile; fileRef = 740A41401D50AC0C006F446E /* SNDrawView.swift */; };
		745853361D55C84800CDE58D /* SNPathBuilder.swift in Sources */ = {isa = PBXBuildFile; fileRef = 745853351D55C84800CDE58D /* SNPathBuilder.swift */; };
		7458533E1D55E34800CDE58D /* AppDelegate.swift in Sources */ = {isa = PBXBuildFile; fileRef = 7458533D1D55E34800CDE58D /* AppDelegate.swift */; };
		745853401D55E34800CDE58D /* ViewController.swift in Sources */ = {isa = PBXBuildFile; fileRef = 7458533F1D55E34800CDE58D /* ViewController.swift */; };
		745853431D55E34800CDE58D /* Main.storyboard in Resources */ = {isa = PBXBuildFile; fileRef = 745853411D55E34800CDE58D /* Main.storyboard */; };
		745853451D55E34800CDE58D /* Assets.xcassets in Resources */ = {isa = PBXBuildFile; fileRef = 745853441D55E34800CDE58D /* Assets.xcassets */; };
		745853481D55E34800CDE58D /* LaunchScreen.storyboard in Resources */ = {isa = PBXBuildFile; fileRef = 745853461D55E34800CDE58D /* LaunchScreen.storyboard */; };
		7458534D1D55E35A00CDE58D /* SNPath.swift in Sources */ = {isa = PBXBuildFile; fileRef = 74A20CA41D54B86D000DD4EC /* SNPath.swift */; };
		7458534E1D55E35D00CDE58D /* SNPathBuilder.swift in Sources */ = {isa = PBXBuildFile; fileRef = 745853351D55C84800CDE58D /* SNPathBuilder.swift */; };
		74A20CA51D54B86D000DD4EC /* SNPath.swift in Sources */ = {isa = PBXBuildFile; fileRef = 74A20CA41D54B86D000DD4EC /* SNPath.swift */; };
/* End PBXBuildFile section */

/* Begin PBXFileReference section */
		740A412A1D50AA9F006F446E /* SNDraw.app */ = {isa = PBXFileReference; explicitFileType = wrapper.application; includeInIndex = 0; path = SNDraw.app; sourceTree = BUILT_PRODUCTS_DIR; };
		740A412D1D50AA9F006F446E /* AppDelegate.swift */ = {isa = PBXFileReference; lastKnownFileType = sourcecode.swift; path = AppDelegate.swift; sourceTree = "<group>"; };
		740A412F1D50AA9F006F446E /* ViewController.swift */ = {isa = PBXFileReference; lastKnownFileType = sourcecode.swift; path = ViewController.swift; sourceTree = "<group>"; };
		740A41321D50AA9F006F446E /* Base */ = {isa = PBXFileReference; lastKnownFileType = file.storyboard; name = Base; path = Base.lproj/Main.storyboard; sourceTree = "<group>"; };
		740A41341D50AA9F006F446E /* Assets.xcassets */ = {isa = PBXFileReference; lastKnownFileType = folder.assetcatalog; path = Assets.xcassets; sourceTree = "<group>"; };
		740A41371D50AA9F006F446E /* Base */ = {isa = PBXFileReference; lastKnownFileType = file.storyboard; name = Base; path = Base.lproj/LaunchScreen.storyboard; sourceTree = "<group>"; };
		740A41391D50AA9F006F446E /* Info.plist */ = {isa = PBXFileReference; lastKnownFileType = text.plist.xml; path = Info.plist; sourceTree = "<group>"; };
		740A41401D50AC0C006F446E /* SNDrawView.swift */ = {isa = PBXFileReference; fileEncoding = 4; lastKnownFileType = sourcecode.swift; path = SNDrawView.swift; sourceTree = "<group>"; };
		745853351D55C84800CDE58D /* SNPathBuilder.swift */ = {isa = PBXFileReference; fileEncoding = 4; lastKnownFileType = sourcecode.swift; path = SNPathBuilder.swift; sourceTree = "<group>"; };
		7458533B1D55E34800CDE58D /* SNDraw2.app */ = {isa = PBXFileReference; explicitFileType = wrapper.application; includeInIndex = 0; path = SNDraw2.app; sourceTree = BUILT_PRODUCTS_DIR; };
		7458533D1D55E34800CDE58D /* AppDelegate.swift */ = {isa = PBXFileReference; lastKnownFileType = sourcecode.swift; path = AppDelegate.swift; sourceTree = "<group>"; };
		7458533F1D55E34800CDE58D /* ViewController.swift */ = {isa = PBXFileReference; lastKnownFileType = sourcecode.swift; path = ViewController.swift; sourceTree = "<group>"; };
		745853421D55E34800CDE58D /* Base */ = {isa = PBXFileReference; lastKnownFileType = file.storyboard; name = Base; path = Base.lproj/Main.storyboard; sourceTree = "<group>"; };
		745853441D55E34800CDE58D /* Assets.xcassets */ = {isa = PBXFileReference; lastKnownFileType = folder.assetcatalog; path = Assets.xcassets; sourceTree = "<group>"; };
		745853471D55E34800CDE58D /* Base */ = {isa = PBXFileReference; lastKnownFileType = file.storyboard; name = Base; path = Base.lproj/LaunchScreen.storyboard; sourceTree = "<group>"; };
		745853491D55E34800CDE58D /* Info.plist */ = {isa = PBXFileReference; lastKnownFileType = text.plist.xml; path = Info.plist; sourceTree = "<group>"; };
		7458534F1D56AA2600CDE58D /* README.md */ = {isa = PBXFileReference; fileEncoding = 4; lastKnownFileType = net.daringfireball.markdown; name = README.md; path = ../../README.md; sourceTree = "<group>"; };
		74A20CA41D54B86D000DD4EC /* SNPath.swift */ = {isa = PBXFileReference; fileEncoding = 4; lastKnownFileType = sourcecode.swift; path = SNPath.swift; sourceTree = "<group>"; };
/* End PBXFileReference section */

/* Begin PBXFrameworksBuildPhase section */
		740A41271D50AA9F006F446E /* Frameworks */ = {
			isa = PBXFrameworksBuildPhase;
			buildActionMask = 2147483647;
			files = (
			);
			runOnlyForDeploymentPostprocessing = 0;
		};
		745853381D55E34800CDE58D /* Frameworks */ = {
			isa = PBXFrameworksBuildPhase;
			buildActionMask = 2147483647;
			files = (
			);
			runOnlyForDeploymentPostprocessing = 0;
		};
/* End PBXFrameworksBuildPhase section */

/* Begin PBXGroup section */
		740A41211D50AA9F006F446E = {
			isa = PBXGroup;
			children = (
				7458534F1D56AA2600CDE58D /* README.md */,
				740A413F1D50AB31006F446E /* src */,
				740A412C1D50AA9F006F446E /* SNDraw */,
				7458533C1D55E34800CDE58D /* SNDraw2 */,
				740A412B1D50AA9F006F446E /* Products */,
			);
			sourceTree = "<group>";
		};
		740A412B1D50AA9F006F446E /* Products */ = {
			isa = PBXGroup;
			children = (
				740A412A1D50AA9F006F446E /* SNDraw.app */,
				7458533B1D55E34800CDE58D /* SNDraw2.app */,
			);
			name = Products;
			sourceTree = "<group>";
		};
		740A412C1D50AA9F006F446E /* SNDraw */ = {
			isa = PBXGroup;
			children = (
				740A412D1D50AA9F006F446E /* AppDelegate.swift */,
				740A412F1D50AA9F006F446E /* ViewController.swift */,
				740A41311D50AA9F006F446E /* Main.storyboard */,
				740A41341D50AA9F006F446E /* Assets.xcassets */,
				740A41361D50AA9F006F446E /* LaunchScreen.storyboard */,
				740A41391D50AA9F006F446E /* Info.plist */,
			);
			path = SNDraw;
			sourceTree = "<group>";
		};
		740A413F1D50AB31006F446E /* src */ = {
			isa = PBXGroup;
			children = (
				74A20CA41D54B86D000DD4EC /* SNPath.swift */,
				740A41401D50AC0C006F446E /* SNDrawView.swift */,
				745853351D55C84800CDE58D /* SNPathBuilder.swift */,
			);
			name = src;
			path = ../../src;
			sourceTree = "<group>";
		};
		7458533C1D55E34800CDE58D /* SNDraw2 */ = {
			isa = PBXGroup;
			children = (
				7458533D1D55E34800CDE58D /* AppDelegate.swift */,
				7458533F1D55E34800CDE58D /* ViewController.swift */,
				745853411D55E34800CDE58D /* Main.storyboard */,
				745853441D55E34800CDE58D /* Assets.xcassets */,
				745853461D55E34800CDE58D /* LaunchScreen.storyboard */,
				745853491D55E34800CDE58D /* Info.plist */,
			);
			path = SNDraw2;
			sourceTree = "<group>";
		};
/* End PBXGroup section */

/* Begin PBXNativeTarget section */
		740A41291D50AA9F006F446E /* SNDraw */ = {
			isa = PBXNativeTarget;
			buildConfigurationList = 740A413C1D50AA9F006F446E /* Build configuration list for PBXNativeTarget "SNDraw" */;
			buildPhases = (
				740A41261D50AA9F006F446E /* Sources */,
				740A41271D50AA9F006F446E /* Frameworks */,
				740A41281D50AA9F006F446E /* Resources */,
			);
			buildRules = (
			);
			dependencies = (
			);
			name = SNDraw;
			productName = SNDraw;
			productReference = 740A412A1D50AA9F006F446E /* SNDraw.app */;
			productType = "com.apple.product-type.application";
		};
		7458533A1D55E34800CDE58D /* SNDraw2 */ = {
			isa = PBXNativeTarget;
			buildConfigurationList = 7458534A1D55E34800CDE58D /* Build configuration list for PBXNativeTarget "SNDraw2" */;
			buildPhases = (
				745853371D55E34800CDE58D /* Sources */,
				745853381D55E34800CDE58D /* Frameworks */,
				745853391D55E34800CDE58D /* Resources */,
			);
			buildRules = (
			);
			dependencies = (
			);
			name = SNDraw2;
			productName = SNDraw2;
			productReference = 7458533B1D55E34800CDE58D /* SNDraw2.app */;
			productType = "com.apple.product-type.application";
		};
/* End PBXNativeTarget section */

/* Begin PBXProject section */
		740A41221D50AA9F006F446E /* Project object */ = {
			isa = PBXProject;
			attributes = {
				LastSwiftUpdateCheck = 0730;
				LastUpgradeCheck = 0800;
				ORGANIZATIONNAME = "Satoshi Nakajima";
				TargetAttributes = {
					740A41291D50AA9F006F446E = {
						CreatedOnToolsVersion = 7.3.1;
						LastSwiftMigration = 0800;
					};
					7458533A1D55E34800CDE58D = {
						CreatedOnToolsVersion = 7.3.1;
					};
				};
			};
			buildConfigurationList = 740A41251D50AA9F006F446E /* Build configuration list for PBXProject "SNDraw" */;
			compatibilityVersion = "Xcode 3.2";
			developmentRegion = English;
			hasScannedForEncodings = 0;
			knownRegions = (
				en,
				Base,
			);
			mainGroup = 740A41211D50AA9F006F446E;
			productRefGroup = 740A412B1D50AA9F006F446E /* Products */;
			projectDirPath = "";
			projectRoot = "";
			targets = (
				740A41291D50AA9F006F446E /* SNDraw */,
				7458533A1D55E34800CDE58D /* SNDraw2 */,
			);
		};
/* End PBXProject section */

/* Begin PBXResourcesBuildPhase section */
		740A41281D50AA9F006F446E /* Resources */ = {
			isa = PBXResourcesBuildPhase;
			buildActionMask = 2147483647;
			files = (
				740A41381D50AA9F006F446E /* LaunchScreen.storyboard in Resources */,
				740A41351D50AA9F006F446E /* Assets.xcassets in Resources */,
				740A41331D50AA9F006F446E /* Main.storyboard in Resources */,
			);
			runOnlyForDeploymentPostprocessing = 0;
		};
		745853391D55E34800CDE58D /* Resources */ = {
			isa = PBXResourcesBuildPhase;
			buildActionMask = 2147483647;
			files = (
				745853481D55E34800CDE58D /* LaunchScreen.storyboard in Resources */,
				745853451D55E34800CDE58D /* Assets.xcassets in Resources */,
				745853431D55E34800CDE58D /* Main.storyboard in Resources */,
			);
			runOnlyForDeploymentPostprocessing = 0;
		};
/* End PBXResourcesBuildPhase section */

/* Begin PBXSourcesBuildPhase section */
		740A41261D50AA9F006F446E /* Sources */ = {
			isa = PBXSourcesBuildPhase;
			buildActionMask = 2147483647;
			files = (
				745853361D55C84800CDE58D /* SNPathBuilder.swift in Sources */,
				740A41301D50AA9F006F446E /* ViewController.swift in Sources */,
				74A20CA51D54B86D000DD4EC /* SNPath.swift in Sources */,
				740A41411D50AC0C006F446E /* SNDrawView.swift in Sources */,
				740A412E1D50AA9F006F446E /* AppDelegate.swift in Sources */,
			);
			runOnlyForDeploymentPostprocessing = 0;
		};
		745853371D55E34800CDE58D /* Sources */ = {
			isa = PBXSourcesBuildPhase;
			buildActionMask = 2147483647;
			files = (
				745853401D55E34800CDE58D /* ViewController.swift in Sources */,
				7458533E1D55E34800CDE58D /* AppDelegate.swift in Sources */,
				7458534D1D55E35A00CDE58D /* SNPath.swift in Sources */,
				7458534E1D55E35D00CDE58D /* SNPathBuilder.swift in Sources */,
			);
			runOnlyForDeploymentPostprocessing = 0;
		};
/* End PBXSourcesBuildPhase section */

/* Begin PBXVariantGroup section */
		740A41311D50AA9F006F446E /* Main.storyboard */ = {
			isa = PBXVariantGroup;
			children = (
				740A41321D50AA9F006F446E /* Base */,
			);
			name = Main.storyboard;
			sourceTree = "<group>";
		};
		740A41361D50AA9F006F446E /* LaunchScreen.storyboard */ = {
			isa = PBXVariantGroup;
			children = (
				740A41371D50AA9F006F446E /* Base */,
			);
			name = LaunchScreen.storyboard;
			sourceTree = "<group>";
		};
		745853411D55E34800CDE58D /* Main.storyboard */ = {
			isa = PBXVariantGroup;
			children = (
				745853421D55E34800CDE58D /* Base */,
			);
			name = Main.storyboard;
			sourceTree = "<group>";
		};
		745853461D55E34800CDE58D /* LaunchScreen.storyboard */ = {
			isa = PBXVariantGroup;
			children = (
				745853471D55E34800CDE58D /* Base */,
			);
			name = LaunchScreen.storyboard;
			sourceTree = "<group>";
		};
/* End PBXVariantGroup section */

/* Begin XCBuildConfiguration section */
		740A413A1D50AA9F006F446E /* Debug */ = {
			isa = XCBuildConfiguration;
			buildSettings = {
				ALWAYS_SEARCH_USER_PATHS = NO;
				CLANG_ANALYZER_NONNULL = YES;
				CLANG_CXX_LANGUAGE_STANDARD = "gnu++0x";
				CLANG_CXX_LIBRARY = "libc++";
				CLANG_ENABLE_MODULES = YES;
				CLANG_ENABLE_OBJC_ARC = YES;
				CLANG_WARN_BOOL_CONVERSION = YES;
				CLANG_WARN_CONSTANT_CONVERSION = YES;
				CLANG_WARN_DIRECT_OBJC_ISA_USAGE = YES_ERROR;
				CLANG_WARN_EMPTY_BODY = YES;
				CLANG_WARN_ENUM_CONVERSION = YES;
				CLANG_WARN_INFINITE_RECURSION = YES;
				CLANG_WARN_INT_CONVERSION = YES;
				CLANG_WARN_OBJC_ROOT_CLASS = YES_ERROR;
				CLANG_WARN_SUSPICIOUS_MOVE = YES;
				CLANG_WARN_UNREACHABLE_CODE = YES;
				CLANG_WARN__DUPLICATE_METHOD_MATCH = YES;
				"CODE_SIGN_IDENTITY[sdk=iphoneos*]" = "iPhone Developer";
				COPY_PHASE_STRIP = NO;
				DEBUG_INFORMATION_FORMAT = dwarf;
				ENABLE_STRICT_OBJC_MSGSEND = YES;
				ENABLE_TESTABILITY = YES;
				GCC_C_LANGUAGE_STANDARD = gnu99;
				GCC_DYNAMIC_NO_PIC = NO;
				GCC_NO_COMMON_BLOCKS = YES;
				GCC_OPTIMIZATION_LEVEL = 0;
				GCC_PREPROCESSOR_DEFINITIONS = (
					"DEBUG=1",
					"$(inherited)",
				);
				GCC_WARN_64_TO_32_BIT_CONVERSION = YES;
				GCC_WARN_ABOUT_RETURN_TYPE = YES_ERROR;
				GCC_WARN_UNDECLARED_SELECTOR = YES;
				GCC_WARN_UNINITIALIZED_AUTOS = YES_AGGRESSIVE;
				GCC_WARN_UNUSED_FUNCTION = YES;
				GCC_WARN_UNUSED_VARIABLE = YES;
				IPHONEOS_DEPLOYMENT_TARGET = 9.3;
				MTL_ENABLE_DEBUG_INFO = YES;
				ONLY_ACTIVE_ARCH = YES;
				SDKROOT = iphoneos;
				SWIFT_OPTIMIZATION_LEVEL = "-Onone";
				SWIFT_VERSION = 2.3;
			};
			name = Debug;
		};
		740A413B1D50AA9F006F446E /* Release */ = {
			isa = XCBuildConfiguration;
			buildSettings = {
				ALWAYS_SEARCH_USER_PATHS = NO;
				CLANG_ANALYZER_NONNULL = YES;
				CLANG_CXX_LANGUAGE_STANDARD = "gnu++0x";
				CLANG_CXX_LIBRARY = "libc++";
				CLANG_ENABLE_MODULES = YES;
				CLANG_ENABLE_OBJC_ARC = YES;
				CLANG_WARN_BOOL_CONVERSION = YES;
				CLANG_WARN_CONSTANT_CONVERSION = YES;
				CLANG_WARN_DIRECT_OBJC_ISA_USAGE = YES_ERROR;
				CLANG_WARN_EMPTY_BODY = YES;
				CLANG_WARN_ENUM_CONVERSION = YES;
				CLANG_WARN_INFINITE_RECURSION = YES;
				CLANG_WARN_INT_CONVERSION = YES;
				CLANG_WARN_OBJC_ROOT_CLASS = YES_ERROR;
				CLANG_WARN_SUSPICIOUS_MOVE = YES;
				CLANG_WARN_UNREACHABLE_CODE = YES;
				CLANG_WARN__DUPLICATE_METHOD_MATCH = YES;
				"CODE_SIGN_IDENTITY[sdk=iphoneos*]" = "iPhone Developer";
				COPY_PHASE_STRIP = NO;
				DEBUG_INFORMATION_FORMAT = "dwarf-with-dsym";
				ENABLE_NS_ASSERTIONS = NO;
				ENABLE_STRICT_OBJC_MSGSEND = YES;
				GCC_C_LANGUAGE_STANDARD = gnu99;
				GCC_NO_COMMON_BLOCKS = YES;
				GCC_WARN_64_TO_32_BIT_CONVERSION = YES;
				GCC_WARN_ABOUT_RETURN_TYPE = YES_ERROR;
				GCC_WARN_UNDECLARED_SELECTOR = YES;
				GCC_WARN_UNINITIALIZED_AUTOS = YES_AGGRESSIVE;
				GCC_WARN_UNUSED_FUNCTION = YES;
				GCC_WARN_UNUSED_VARIABLE = YES;
				IPHONEOS_DEPLOYMENT_TARGET = 9.3;
				MTL_ENABLE_DEBUG_INFO = NO;
				SDKROOT = iphoneos;
				SWIFT_OPTIMIZATION_LEVEL = "-Owholemodule";
				SWIFT_VERSION = 2.3;
				VALIDATE_PRODUCT = YES;
			};
			name = Release;
		};
		740A413D1D50AA9F006F446E /* Debug */ = {
			isa = XCBuildConfiguration;
			buildSettings = {
				ASSETCATALOG_COMPILER_APPICON_NAME = AppIcon;
				INFOPLIST_FILE = SNDraw/Info.plist;
				LD_RUNPATH_SEARCH_PATHS = "$(inherited) @executable_path/Frameworks";
				PRODUCT_BUNDLE_IDENTIFIER = com.cloudreaders.SNDraw;
				PRODUCT_NAME = "$(TARGET_NAME)";
				TARGETED_DEVICE_FAMILY = "1,2";
			};
			name = Debug;
		};
		740A413E1D50AA9F006F446E /* Release */ = {
			isa = XCBuildConfiguration;
			buildSettings = {
				ASSETCATALOG_COMPILER_APPICON_NAME = AppIcon;
				INFOPLIST_FILE = SNDraw/Info.plist;
				LD_RUNPATH_SEARCH_PATHS = "$(inherited) @executable_path/Frameworks";
				PRODUCT_BUNDLE_IDENTIFIER = com.cloudreaders.SNDraw;
				PRODUCT_NAME = "$(TARGET_NAME)";
				TARGETED_DEVICE_FAMILY = "1,2";
			};
			name = Release;
		};
		7458534B1D55E34800CDE58D /* Debug */ = {
			isa = XCBuildConfiguration;
			buildSettings = {
				ASSETCATALOG_COMPILER_APPICON_NAME = AppIcon;
				INFOPLIST_FILE = SNDraw2/Info.plist;
				LD_RUNPATH_SEARCH_PATHS = "$(inherited) @executable_path/Frameworks";
				PRODUCT_BUNDLE_IDENTIFIER = com.cloudreaders.SNDraw2;
				PRODUCT_NAME = "$(TARGET_NAME)";
			};
			name = Debug;
		};
		7458534C1D55E34800CDE58D /* Release */ = {
			isa = XCBuildConfiguration;
			buildSettings = {
				ASSETCATALOG_COMPILER_APPICON_NAME = AppIcon;
				INFOPLIST_FILE = SNDraw2/Info.plist;
				LD_RUNPATH_SEARCH_PATHS = "$(inherited) @executable_path/Frameworks";
				PRODUCT_BUNDLE_IDENTIFIER = com.cloudreaders.SNDraw2;
				PRODUCT_NAME = "$(TARGET_NAME)";
			};
			name = Release;
		};
/* End XCBuildConfiguration section */

/* Begin XCConfigurationList section */
		740A41251D50AA9F006F446E /* Build configuration list for PBXProject "SNDraw" */ = {
			isa = XCConfigurationList;
			buildConfigurations = (
				740A413A1D50AA9F006F446E /* Debug */,
				740A413B1D50AA9F006F446E /* Release */,
			);
			defaultConfigurationIsVisible = 0;
			defaultConfigurationName = Release;
		};
		740A413C1D50AA9F006F446E /* Build configuration list for PBXNativeTarget "SNDraw" */ = {
			isa = XCConfigurationList;
			buildConfigurations = (
				740A413D1D50AA9F006F446E /* Debug */,
				740A413E1D50AA9F006F446E /* Release */,
			);
			defaultConfigurationIsVisible = 0;
			defaultConfigurationName = Release;
		};
		7458534A1D55E34800CDE58D /* Build configuration list for PBXNativeTarget "SNDraw2" */ = {
			isa = XCConfigurationList;
			buildConfigurations = (
				7458534B1D55E34800CDE58D /* Debug */,
				7458534C1D55E34800CDE58D /* Release */,
			);
			defaultConfigurationIsVisible = 0;
			defaultConfigurationName = Release;
		};
/* End XCConfigurationList section */
	};
	rootObject = 740A41221D50AA9F006F446E /* Project object */;
}
